
Microsoft Visual Studio Solution File, Format Version 12.00
# Visual Studio Version 17
VisualStudioVersion = 17.1.32210.238
MinimumVisualStudioVersion = 10.0.40219.1
Project("{FAE04EC0-301F-11D3-BF4B-00C04F79EFBC}") = "Ex01_Basic", "Ex01_Basic\Ex01_Basic.csproj", "{854C0221-F9FA-4D27-B788-7B97DDA52588}"
EndProject
Project("{FAE04EC0-301F-11D3-BF4B-00C04F79EFBC}") = "Ex02_Basic", "Ex02_Basic\Ex02_Basic.csproj", "{414B2CAF-8B3E-42F3-9EA1-5054F091FA83}"
EndProject
Project("{FAE04EC0-301F-11D3-BF4B-00C04F79EFBC}") = "Ex03_EmpLib", "Ex03_EmpLib\Ex03_EmpLib.csproj", "{AC276BE8-9523-48EF-B94F-7A54DA7983BF}"
EndProject
Project("{FAE04EC0-301F-11D3-BF4B-00C04F79EFBC}") = "Ex04_RefType", "Ex04_RefType\Ex04_RefType.csproj", "{C1AD6B08-10E1-4A02-9A15-EDDDB1ABA706}"
EndProject
Project("{FAE04EC0-301F-11D3-BF4B-00C04F79EFBC}") = "Ex05_ValueType", "Ex05_ValueType\Ex05_ValueType.csproj", "{C7B156C2-0C02-464C-979A-A554B2B83CF0}"
EndProject
Project("{FAE04EC0-301F-11D3-BF4B-00C04F79EFBC}") = "Ex06_Opr", "Ex06_Opr\Ex06_Opr.csproj", "{388BB66B-5BD9-4764-AAA9-747D76254CBF}"
EndProject
Project("{FAE04EC0-301F-11D3-BF4B-00C04F79EFBC}") = "Ex07_Statement", "Ex07_Statement\Ex07_Statement.csproj", "{690108AF-F681-4FA7-A424-4DD3989F9035}"
EndProject
Project("{FAE04EC0-301F-11D3-BF4B-00C04F79EFBC}") = "test0228", "test0228\test0228.csproj", "{F948A59F-8B0C-4621-BD6C-A6099E3FD674}"
EndProject
Project("{FAE04EC0-301F-11D3-BF4B-00C04F79EFBC}") = "todaytest0228", "todaytest2028\todaytest0228.csproj", "{B83EFABC-19EC-4685-9ED3-87FDA8907BC3}"
EndProject
Project("{FAE04EC0-301F-11D3-BF4B-00C04F79EFBC}") = "Ex08_Statement2", "Ex08_Statement2\Ex08_Statement2.csproj", "{8F98BDCB-855B-4486-AFD6-0D88651E353F}"
EndProject
Project("{FAE04EC0-301F-11D3-BF4B-00C04F79EFBC}") = "Ex09_Statement3", "Ex09_Statement3\Ex09_Statement3.csproj", "{F5131EAC-C7D5-40B6-984B-144568F204B7}"
EndProject
Project("{FAE04EC0-301F-11D3-BF4B-00C04F79EFBC}") = "Ex10_Class", "Ex10_Class\Ex10_Class.csproj", "{2DFB4892-00CC-43A0-8A51-CBB599372DA4}"
EndProject
Project("{FAE04EC0-301F-11D3-BF4B-00C04F79EFBC}") = "Ex11_Class_method", "Ex11_Class_method\Ex11_Class_method.csproj", "{D75B7DEE-5E0B-4702-9D9F-DB9811CC3E47}"
EndProject
Project("{FAE04EC0-301F-11D3-BF4B-00C04F79EFBC}") = "todaytest0302", "todaytest0302\todaytest0302.csproj", "{60F00496-B879-4402-8EF5-7593984F59E6}"
EndProject
Global
	GlobalSection(SolutionConfigurationPlatforms) = preSolution
		Debug|Any CPU = Debug|Any CPU
		Release|Any CPU = Release|Any CPU
	EndGlobalSection
	GlobalSection(ProjectConfigurationPlatforms) = postSolution
		{854C0221-F9FA-4D27-B788-7B97DDA52588}.Debug|Any CPU.ActiveCfg = Debug|Any CPU
		{854C0221-F9FA-4D27-B788-7B97DDA52588}.Debug|Any CPU.Build.0 = Debug|Any CPU
		{854C0221-F9FA-4D27-B788-7B97DDA52588}.Release|Any CPU.ActiveCfg = Release|Any CPU
		{854C0221-F9FA-4D27-B788-7B97DDA52588}.Release|Any CPU.Build.0 = Release|Any CPU
		{414B2CAF-8B3E-42F3-9EA1-5054F091FA83}.Debug|Any CPU.ActiveCfg = Debug|Any CPU
		{414B2CAF-8B3E-42F3-9EA1-5054F091FA83}.Debug|Any CPU.Build.0 = Debug|Any CPU
		{414B2CAF-8B3E-42F3-9EA1-5054F091FA83}.Release|Any CPU.ActiveCfg = Release|Any CPU
		{414B2CAF-8B3E-42F3-9EA1-5054F091FA83}.Release|Any CPU.Build.0 = Release|Any CPU
		{AC276BE8-9523-48EF-B94F-7A54DA7983BF}.Debug|Any CPU.ActiveCfg = Debug|Any CPU
		{AC276BE8-9523-48EF-B94F-7A54DA7983BF}.Debug|Any CPU.Build.0 = Debug|Any CPU
		{AC276BE8-9523-48EF-B94F-7A54DA7983BF}.Release|Any CPU.ActiveCfg = Release|Any CPU
		{AC276BE8-9523-48EF-B94F-7A54DA7983BF}.Release|Any CPU.Build.0 = Release|Any CPU
		{C1AD6B08-10E1-4A02-9A15-EDDDB1ABA706}.Debug|Any CPU.ActiveCfg = Debug|Any CPU
		{C1AD6B08-10E1-4A02-9A15-EDDDB1ABA706}.Debug|Any CPU.Build.0 = Debug|Any CPU
		{C1AD6B08-10E1-4A02-9A15-EDDDB1ABA706}.Release|Any CPU.ActiveCfg = Release|Any CPU
		{C1AD6B08-10E1-4A02-9A15-EDDDB1ABA706}.Release|Any CPU.Build.0 = Release|Any CPU
		{C7B156C2-0C02-464C-979A-A554B2B83CF0}.Debug|Any CPU.ActiveCfg = Debug|Any CPU
		{C7B156C2-0C02-464C-979A-A554B2B83CF0}.Debug|Any CPU.Build.0 = Debug|Any CPU
		{C7B156C2-0C02-464C-979A-A554B2B83CF0}.Release|Any CPU.ActiveCfg = Release|Any CPU
		{C7B156C2-0C02-464C-979A-A554B2B83CF0}.Release|Any CPU.Build.0 = Release|Any CPU
		{388BB66B-5BD9-4764-AAA9-747D76254CBF}.Debug|Any CPU.ActiveCfg = Debug|Any CPU
		{388BB66B-5BD9-4764-AAA9-747D76254CBF}.Debug|Any CPU.Build.0 = Debug|Any CPU
		{388BB66B-5BD9-4764-AAA9-747D76254CBF}.Release|Any CPU.ActiveCfg = Release|Any CPU
		{388BB66B-5BD9-4764-AAA9-747D76254CBF}.Release|Any CPU.Build.0 = Release|Any CPU
		{690108AF-F681-4FA7-A424-4DD3989F9035}.Debug|Any CPU.ActiveCfg = Debug|Any CPU
		{690108AF-F681-4FA7-A424-4DD3989F9035}.Debug|Any CPU.Build.0 = Debug|Any CPU
		{690108AF-F681-4FA7-A424-4DD3989F9035}.Release|Any CPU.ActiveCfg = Release|Any CPU
		{690108AF-F681-4FA7-A424-4DD3989F9035}.Release|Any CPU.Build.0 = Release|Any CPU
		{F948A59F-8B0C-4621-BD6C-A6099E3FD674}.Debug|Any CPU.ActiveCfg = Debug|Any CPU
		{F948A59F-8B0C-4621-BD6C-A6099E3FD674}.Debug|Any CPU.Build.0 = Debug|Any CPU
		{F948A59F-8B0C-4621-BD6C-A6099E3FD674}.Release|Any CPU.ActiveCfg = Release|Any CPU
		{F948A59F-8B0C-4621-BD6C-A6099E3FD674}.Release|Any CPU.Build.0 = Release|Any CPU
		{B83EFABC-19EC-4685-9ED3-87FDA8907BC3}.Debug|Any CPU.ActiveCfg = Debug|Any CPU
		{B83EFABC-19EC-4685-9ED3-87FDA8907BC3}.Debug|Any CPU.Build.0 = Debug|Any CPU
		{B83EFABC-19EC-4685-9ED3-87FDA8907BC3}.Release|Any CPU.ActiveCfg = Release|Any CPU
		{B83EFABC-19EC-4685-9ED3-87FDA8907BC3}.Release|Any CPU.Build.0 = Release|Any CPU
		{8F98BDCB-855B-4486-AFD6-0D88651E353F}.Debug|Any CPU.ActiveCfg = Debug|Any CPU
		{8F98BDCB-855B-4486-AFD6-0D88651E353F}.Debug|Any CPU.Build.0 = Debug|Any CPU
		{8F98BDCB-855B-4486-AFD6-0D88651E353F}.Release|Any CPU.ActiveCfg = Release|Any CPU
		{8F98BDCB-855B-4486-AFD6-0D88651E353F}.Release|Any CPU.Build.0 = Release|Any CPU
		{F5131EAC-C7D5-40B6-984B-144568F204B7}.Debug|Any CPU.ActiveCfg = Debug|Any CPU
		{F5131EAC-C7D5-40B6-984B-144568F204B7}.Debug|Any CPU.Build.0 = Debug|Any CPU
		{F5131EAC-C7D5-40B6-984B-144568F204B7}.Release|Any CPU.ActiveCfg = Release|Any CPU
		{F5131EAC-C7D5-40B6-984B-144568F204B7}.Release|Any CPU.Build.0 = Release|Any CPU
		{2DFB4892-00CC-43A0-8A51-CBB599372DA4}.Debug|Any CPU.ActiveCfg = Debug|Any CPU
		{2DFB4892-00CC-43A0-8A51-CBB599372DA4}.Debug|Any CPU.Build.0 = Debug|Any CPU
		{2DFB4892-00CC-43A0-8A51-CBB599372DA4}.Release|Any CPU.ActiveCfg = Release|Any CPU
		{2DFB4892-00CC-43A0-8A51-CBB599372DA4}.Release|Any CPU.Build.0 = Release|Any CPU
		{D75B7DEE-5E0B-4702-9D9F-DB9811CC3E47}.Debug|Any CPU.ActiveCfg = Debug|Any CPU
		{D75B7DEE-5E0B-4702-9D9F-DB9811CC3E47}.Debug|Any CPU.Build.0 = Debug|Any CPU
		{D75B7DEE-5E0B-4702-9D9F-DB9811CC3E47}.Release|Any CPU.ActiveCfg = Release|Any CPU
		{D75B7DEE-5E0B-4702-9D9F-DB9811CC3E47}.Release|Any CPU.Build.0 = Release|Any CPU
		{60F00496-B879-4402-8EF5-7593984F59E6}.Debug|Any CPU.ActiveCfg = Debug|Any CPU
		{60F00496-B879-4402-8EF5-7593984F59E6}.Debug|Any CPU.Build.0 = Debug|Any CPU
		{60F00496-B879-4402-8EF5-7593984F59E6}.Release|Any CPU.ActiveCfg = Release|Any CPU
		{60F00496-B879-4402-8EF5-7593984F59E6}.Release|Any CPU.Build.0 = Release|Any CPU
	EndGlobalSection
	GlobalSection(SolutionProperties) = preSolution
		HideSolutionNode = FALSE
	EndGlobalSection
	GlobalSection(ExtensibilityGlobals) = postSolution
		SolutionGuid = {B49FE652-E79E-4A4C-BE7B-8073821F5738}
	EndGlobalSection
EndGlobal
